
Microsoft Visual Studio Solution File, Format Version 12.00
# Visual Studio Version 16
VisualStudioVersion = 16.0.29709.97
MinimumVisualStudioVersion = 10.0.40219.1
Project("{FAE04EC0-301F-11D3-BF4B-00C04F79EFBC}") = "TypographyShopView", "TypographyShopView\TypographyShopView.csproj", "{D6C7DC56-44C3-4101-81E3-230DC503D96D}"
EndProject
Project("{9A19103F-16F7-4668-BE54-9A1E7A4F7556}") = "TypographyShopBusinessLogic", "TypographyShopBusinessLogic\TypographyShopBusinessLogic.csproj", "{B85184E4-71C7-42C5-8AB4-314A1ABEA338}"
EndProject
Project("{9A19103F-16F7-4668-BE54-9A1E7A4F7556}") = "TypographyShopListImplement", "TypographyShopListImplement\TypographyShopListImplement.csproj", "{C4357D9A-C55D-4E6C-804E-153B43399EDC}"
EndProject
Project("{FAE04EC0-301F-11D3-BF4B-00C04F79EFBC}") = "TypographyShopFileImplement", "TypographyShopFileImplement\TypographyShopFileImplement.csproj", "{34869197-5A22-49AC-B3CF-F90A3966C5B0}"
EndProject
Project("{9A19103F-16F7-4668-BE54-9A1E7A4F7556}") = "TypographyShopDatabaseImplement", "TypographyShopDatabaseImplement\TypographyShopDatabaseImplement.csproj", "{3A4A4284-456E-47BC-98B4-C6A3718DCCA8}"
EndProject
Project("{9A19103F-16F7-4668-BE54-9A1E7A4F7556}") = "TypographyShopRestApi", "TypographyShopRestApi\TypographyShopRestApi.csproj", "{BA07774E-635D-444E-9BD2-D87A3B691FDD}"
EndProject
Project("{9A19103F-16F7-4668-BE54-9A1E7A4F7556}") = "TypographyShowClientApp", "TypographyShowClientApp\TypographyShowClientApp.csproj", "{4A2AF96B-D8E7-4566-A0F5-DF7CD9BC158C}"
EndProject
Project("{9A19103F-16F7-4668-BE54-9A1E7A4F7556}") = "TypographyShopStoreApp", "TypographyShopStoreApp\TypographyShopStoreApp.csproj", "{21BF71F0-4DEC-4908-95E5-5AA967C97FF0}"
EndProject
Global
	GlobalSection(SolutionConfigurationPlatforms) = preSolution
		Debug|Any CPU = Debug|Any CPU
		Release|Any CPU = Release|Any CPU
	EndGlobalSection
	GlobalSection(ProjectConfigurationPlatforms) = postSolution
		{D6C7DC56-44C3-4101-81E3-230DC503D96D}.Debug|Any CPU.ActiveCfg = Debug|Any CPU
		{D6C7DC56-44C3-4101-81E3-230DC503D96D}.Debug|Any CPU.Build.0 = Debug|Any CPU
		{D6C7DC56-44C3-4101-81E3-230DC503D96D}.Release|Any CPU.ActiveCfg = Release|Any CPU
		{D6C7DC56-44C3-4101-81E3-230DC503D96D}.Release|Any CPU.Build.0 = Release|Any CPU
		{B85184E4-71C7-42C5-8AB4-314A1ABEA338}.Debug|Any CPU.ActiveCfg = Debug|Any CPU
		{B85184E4-71C7-42C5-8AB4-314A1ABEA338}.Debug|Any CPU.Build.0 = Debug|Any CPU
		{B85184E4-71C7-42C5-8AB4-314A1ABEA338}.Release|Any CPU.ActiveCfg = Release|Any CPU
		{B85184E4-71C7-42C5-8AB4-314A1ABEA338}.Release|Any CPU.Build.0 = Release|Any CPU
		{C4357D9A-C55D-4E6C-804E-153B43399EDC}.Debug|Any CPU.ActiveCfg = Debug|Any CPU
		{C4357D9A-C55D-4E6C-804E-153B43399EDC}.Debug|Any CPU.Build.0 = Debug|Any CPU
		{C4357D9A-C55D-4E6C-804E-153B43399EDC}.Release|Any CPU.ActiveCfg = Release|Any CPU
		{C4357D9A-C55D-4E6C-804E-153B43399EDC}.Release|Any CPU.Build.0 = Release|Any CPU
		{34869197-5A22-49AC-B3CF-F90A3966C5B0}.Debug|Any CPU.ActiveCfg = Debug|Any CPU
		{34869197-5A22-49AC-B3CF-F90A3966C5B0}.Debug|Any CPU.Build.0 = Debug|Any CPU
		{34869197-5A22-49AC-B3CF-F90A3966C5B0}.Release|Any CPU.ActiveCfg = Release|Any CPU
		{34869197-5A22-49AC-B3CF-F90A3966C5B0}.Release|Any CPU.Build.0 = Release|Any CPU
		{3A4A4284-456E-47BC-98B4-C6A3718DCCA8}.Debug|Any CPU.ActiveCfg = Debug|Any CPU
		{3A4A4284-456E-47BC-98B4-C6A3718DCCA8}.Debug|Any CPU.Build.0 = Debug|Any CPU
		{3A4A4284-456E-47BC-98B4-C6A3718DCCA8}.Release|Any CPU.ActiveCfg = Release|Any CPU
		{3A4A4284-456E-47BC-98B4-C6A3718DCCA8}.Release|Any CPU.Build.0 = Release|Any CPU
		{BA07774E-635D-444E-9BD2-D87A3B691FDD}.Debug|Any CPU.ActiveCfg = Debug|Any CPU
		{BA07774E-635D-444E-9BD2-D87A3B691FDD}.Debug|Any CPU.Build.0 = Debug|Any CPU
		{BA07774E-635D-444E-9BD2-D87A3B691FDD}.Release|Any CPU.ActiveCfg = Release|Any CPU
		{BA07774E-635D-444E-9BD2-D87A3B691FDD}.Release|Any CPU.Build.0 = Release|Any CPU
		{4A2AF96B-D8E7-4566-A0F5-DF7CD9BC158C}.Debug|Any CPU.ActiveCfg = Debug|Any CPU
		{4A2AF96B-D8E7-4566-A0F5-DF7CD9BC158C}.Debug|Any CPU.Build.0 = Debug|Any CPU
		{4A2AF96B-D8E7-4566-A0F5-DF7CD9BC158C}.Release|Any CPU.ActiveCfg = Release|Any CPU
		{4A2AF96B-D8E7-4566-A0F5-DF7CD9BC158C}.Release|Any CPU.Build.0 = Release|Any CPU
		{21BF71F0-4DEC-4908-95E5-5AA967C97FF0}.Debug|Any CPU.ActiveCfg = Debug|Any CPU
		{21BF71F0-4DEC-4908-95E5-5AA967C97FF0}.Debug|Any CPU.Build.0 = Debug|Any CPU
		{21BF71F0-4DEC-4908-95E5-5AA967C97FF0}.Release|Any CPU.ActiveCfg = Release|Any CPU
		{21BF71F0-4DEC-4908-95E5-5AA967C97FF0}.Release|Any CPU.Build.0 = Release|Any CPU
	EndGlobalSection
	GlobalSection(SolutionProperties) = preSolution
		HideSolutionNode = FALSE
	EndGlobalSection
	GlobalSection(ExtensibilityGlobals) = postSolution
		SolutionGuid = {84AF9CD1-0281-4374-A218-E4957E788F29}
	EndGlobalSection
EndGlobal
